
Microsoft Visual Studio Solution File, Format Version 12.00
# Visual Studio Version 17
VisualStudioVersion = 17.8.34525.116
MinimumVisualStudioVersion = 10.0.40219.1
Project("{9A19103F-16F7-4668-BE54-9A1E7A4F7556}") = "tokei_wform", "tokei_wform.csproj", "{9A57F4AD-0E96-4F2E-BDC6-69F7508E9332}"
EndProject
Global
	GlobalSection(SolutionConfigurationPlatforms) = preSolution
		Debug|Any CPU = Debug|Any CPU
		Debug|x64 = Debug|x64
		Release|Any CPU = Release|Any CPU
		Release|x64 = Release|x64
	EndGlobalSection
	GlobalSection(ProjectConfigurationPlatforms) = postSolution
		{9A57F4AD-0E96-4F2E-BDC6-69F7508E9332}.Debug|Any CPU.ActiveCfg = Debug|Any CPU
		{9A57F4AD-0E96-4F2E-BDC6-69F7508E9332}.Debug|Any CPU.Build.0 = Debug|Any CPU
		{9A57F4AD-0E96-4F2E-BDC6-69F7508E9332}.Debug|x64.ActiveCfg = Debug|x64
		{9A57F4AD-0E96-4F2E-BDC6-69F7508E9332}.Debug|x64.Build.0 = Debug|x64
		{9A57F4AD-0E96-4F2E-BDC6-69F7508E9332}.Release|Any CPU.ActiveCfg = Release|Any CPU
		{9A57F4AD-0E96-4F2E-BDC6-69F7508E9332}.Release|Any CPU.Build.0 = Release|Any CPU
		{9A57F4AD-0E96-4F2E-BDC6-69F7508E9332}.Release|x64.ActiveCfg = Release|x64
		{9A57F4AD-0E96-4F2E-BDC6-69F7508E9332}.Release|x64.Build.0 = Release|x64
	EndGlobalSection
	GlobalSection(SolutionProperties) = preSolution
		HideSolutionNode = FALSE
	EndGlobalSection
	GlobalSection(ExtensibilityGlobals) = postSolution
		SolutionGuid = {3E9DFE91-F798-4388-8C56-F77DB8D8AF09}
	EndGlobalSection
EndGlobal
